
Microsoft Visual Studio Solution File, Format Version 12.00
# Visual Studio Version 17
VisualStudioVersion = 17.5.33502.453
MinimumVisualStudioVersion = 10.0.40219.1
Project("{00D1A9C2-B5F0-4AF3-8072-F6C62B433612}") = "Employee_Details (View)", "Employee_Details (View).sqlproj", "{5C8B12D7-5362-4003-B451-3112E814E10F}"
EndProject
Global
	GlobalSection(SolutionConfigurationPlatforms) = preSolution
		Debug|Any CPU = Debug|Any CPU
		Release|Any CPU = Release|Any CPU
	EndGlobalSection
	GlobalSection(ProjectConfigurationPlatforms) = postSolution
		{5C8B12D7-5362-4003-B451-3112E814E10F}.Debug|Any CPU.ActiveCfg = Debug|Any CPU
		{5C8B12D7-5362-4003-B451-3112E814E10F}.Debug|Any CPU.Build.0 = Debug|Any CPU
		{5C8B12D7-5362-4003-B451-3112E814E10F}.Debug|Any CPU.Deploy.0 = Debug|Any CPU
		{5C8B12D7-5362-4003-B451-3112E814E10F}.Release|Any CPU.ActiveCfg = Release|Any CPU
		{5C8B12D7-5362-4003-B451-3112E814E10F}.Release|Any CPU.Build.0 = Release|Any CPU
		{5C8B12D7-5362-4003-B451-3112E814E10F}.Release|Any CPU.Deploy.0 = Release|Any CPU
	EndGlobalSection
	GlobalSection(SolutionProperties) = preSolution
		HideSolutionNode = FALSE
	EndGlobalSection
	GlobalSection(ExtensibilityGlobals) = postSolution
		SolutionGuid = {46DA90B7-B81D-4E8D-8E1B-3CC8BE7DDE74}
	EndGlobalSection
EndGlobal
